
Microsoft Visual Studio Solution File, Format Version 12.00
# Visual Studio Version 17
VisualStudioVersion = 17.0.33502.349
MinimumVisualStudioVersion = 10.0.40219.1
Project("{FAE04EC0-301F-11D3-BF4B-00C04F79EFBC}") = "DemoWebApi", "DemoWebApi\DemoWebApi.csproj", "{B286763F-9A55-4D61-A6E0-74F47EAC4470}"
EndProject
Project("{FAE04EC0-301F-11D3-BF4B-00C04F79EFBC}") = "KuchBhiNaam", "KuchBhiNaam\KuchBhiNaam.csproj", "{BE68F05A-510C-497F-8CB4-3C430F128750}"
EndProject
Global
	GlobalSection(SolutionConfigurationPlatforms) = preSolution
		Debug|Any CPU = Debug|Any CPU
		Release|Any CPU = Release|Any CPU
	EndGlobalSection
	GlobalSection(ProjectConfigurationPlatforms) = postSolution
		{B286763F-9A55-4D61-A6E0-74F47EAC4470}.Debug|Any CPU.ActiveCfg = Debug|Any CPU
		{B286763F-9A55-4D61-A6E0-74F47EAC4470}.Debug|Any CPU.Build.0 = Debug|Any CPU
		{B286763F-9A55-4D61-A6E0-74F47EAC4470}.Release|Any CPU.ActiveCfg = Release|Any CPU
		{B286763F-9A55-4D61-A6E0-74F47EAC4470}.Release|Any CPU.Build.0 = Release|Any CPU
		{BE68F05A-510C-497F-8CB4-3C430F128750}.Debug|Any CPU.ActiveCfg = Debug|Any CPU
		{BE68F05A-510C-497F-8CB4-3C430F128750}.Debug|Any CPU.Build.0 = Debug|Any CPU
		{BE68F05A-510C-497F-8CB4-3C430F128750}.Release|Any CPU.ActiveCfg = Release|Any CPU
		{BE68F05A-510C-497F-8CB4-3C430F128750}.Release|Any CPU.Build.0 = Release|Any CPU
	EndGlobalSection
	GlobalSection(SolutionProperties) = preSolution
		HideSolutionNode = FALSE
	EndGlobalSection
	GlobalSection(ExtensibilityGlobals) = postSolution
		SolutionGuid = {8DC39489-FECD-4984-8051-F18B27CC004C}
	EndGlobalSection
EndGlobal
